
Microsoft Visual Studio Solution File, Format Version 12.00
# Visual Studio 15
VisualStudioVersion = 15.0.28010.0
MinimumVisualStudioVersion = 10.0.40219.1
Project("{FAE04EC0-301F-11D3-BF4B-00C04F79EFBC}") = "BasicServiceLib", "BasicServiceLib\BasicServiceLib.csproj", "{B43D58BD-53C7-467B-A338-0042E9981CB2}"
EndProject
Project("{FAE04EC0-301F-11D3-BF4B-00C04F79EFBC}") = "ServiceHost", "ServiceHost\ServiceHost.csproj", "{019C921D-81C8-4A87-9C3E-066B30941A73}"
EndProject
Project("{FAE04EC0-301F-11D3-BF4B-00C04F79EFBC}") = "ClientApplication", "ClientApplication\ClientApplication.csproj", "{6B05713F-1A8E-4ECE-AEFA-4F60EA2A5244}"
EndProject
Global
	GlobalSection(SolutionConfigurationPlatforms) = preSolution
		Debug|Any CPU = Debug|Any CPU
		Release|Any CPU = Release|Any CPU
	EndGlobalSection
	GlobalSection(ProjectConfigurationPlatforms) = postSolution
		{B43D58BD-53C7-467B-A338-0042E9981CB2}.Debug|Any CPU.ActiveCfg = Debug|Any CPU
		{B43D58BD-53C7-467B-A338-0042E9981CB2}.Debug|Any CPU.Build.0 = Debug|Any CPU
		{B43D58BD-53C7-467B-A338-0042E9981CB2}.Release|Any CPU.ActiveCfg = Release|Any CPU
		{B43D58BD-53C7-467B-A338-0042E9981CB2}.Release|Any CPU.Build.0 = Release|Any CPU
		{019C921D-81C8-4A87-9C3E-066B30941A73}.Debug|Any CPU.ActiveCfg = Debug|Any CPU
		{019C921D-81C8-4A87-9C3E-066B30941A73}.Debug|Any CPU.Build.0 = Debug|Any CPU
		{019C921D-81C8-4A87-9C3E-066B30941A73}.Release|Any CPU.ActiveCfg = Release|Any CPU
		{019C921D-81C8-4A87-9C3E-066B30941A73}.Release|Any CPU.Build.0 = Release|Any CPU
		{6B05713F-1A8E-4ECE-AEFA-4F60EA2A5244}.Debug|Any CPU.ActiveCfg = Debug|Any CPU
		{6B05713F-1A8E-4ECE-AEFA-4F60EA2A5244}.Debug|Any CPU.Build.0 = Debug|Any CPU
		{6B05713F-1A8E-4ECE-AEFA-4F60EA2A5244}.Release|Any CPU.ActiveCfg = Release|Any CPU
		{6B05713F-1A8E-4ECE-AEFA-4F60EA2A5244}.Release|Any CPU.Build.0 = Release|Any CPU
	EndGlobalSection
	GlobalSection(SolutionProperties) = preSolution
		HideSolutionNode = FALSE
	EndGlobalSection
	GlobalSection(ExtensibilityGlobals) = postSolution
		SolutionGuid = {C63F6FA3-E4E3-445B-801F-738B53F599D3}
	EndGlobalSection
EndGlobal
