
Microsoft Visual Studio Solution File, Format Version 12.00
# Visual Studio 15
VisualStudioVersion = 15.0.28010.0
MinimumVisualStudioVersion = 10.0.40219.1
Project("{FAE04EC0-301F-11D3-BF4B-00C04F79EFBC}") = "NancySelfHost", "NancySelfHost\NancySelfHost.csproj", "{153F16EA-C47E-49E6-8422-4E352CB01D2A}"
EndProject
Global
	GlobalSection(SolutionConfigurationPlatforms) = preSolution
		Debug|Any CPU = Debug|Any CPU
		Release|Any CPU = Release|Any CPU
	EndGlobalSection
	GlobalSection(ProjectConfigurationPlatforms) = postSolution
		{153F16EA-C47E-49E6-8422-4E352CB01D2A}.Debug|Any CPU.ActiveCfg = Debug|Any CPU
		{153F16EA-C47E-49E6-8422-4E352CB01D2A}.Debug|Any CPU.Build.0 = Debug|Any CPU
		{153F16EA-C47E-49E6-8422-4E352CB01D2A}.Release|Any CPU.ActiveCfg = Release|Any CPU
		{153F16EA-C47E-49E6-8422-4E352CB01D2A}.Release|Any CPU.Build.0 = Release|Any CPU
	EndGlobalSection
	GlobalSection(SolutionProperties) = preSolution
		HideSolutionNode = FALSE
	EndGlobalSection
	GlobalSection(ExtensibilityGlobals) = postSolution
		SolutionGuid = {FBD81F34-30DF-4F7F-BB64-FF2162E528BB}
	EndGlobalSection
EndGlobal
