
Microsoft Visual Studio Solution File, Format Version 12.00
# Visual Studio 15
VisualStudioVersion = 15.0.28010.0
MinimumVisualStudioVersion = 10.0.40219.1
Project("{FAE04EC0-301F-11D3-BF4B-00C04F79EFBC}") = "AttributesTest", "AttributesTest\AttributesTest.csproj", "{71117DC6-6067-482C-A021-AEABB109937C}"
EndProject
Global
	GlobalSection(SolutionConfigurationPlatforms) = preSolution
		Debug|Any CPU = Debug|Any CPU
		Release|Any CPU = Release|Any CPU
	EndGlobalSection
	GlobalSection(ProjectConfigurationPlatforms) = postSolution
		{71117DC6-6067-482C-A021-AEABB109937C}.Debug|Any CPU.ActiveCfg = Debug|Any CPU
		{71117DC6-6067-482C-A021-AEABB109937C}.Debug|Any CPU.Build.0 = Debug|Any CPU
		{71117DC6-6067-482C-A021-AEABB109937C}.Release|Any CPU.ActiveCfg = Release|Any CPU
		{71117DC6-6067-482C-A021-AEABB109937C}.Release|Any CPU.Build.0 = Release|Any CPU
	EndGlobalSection
	GlobalSection(SolutionProperties) = preSolution
		HideSolutionNode = FALSE
	EndGlobalSection
	GlobalSection(ExtensibilityGlobals) = postSolution
		SolutionGuid = {EE84CBB6-879A-47BA-B73A-14D1F2828158}
	EndGlobalSection
EndGlobal
