
Microsoft Visual Studio Solution File, Format Version 12.00
# Visual Studio 15
VisualStudioVersion = 15.0.28010.0
MinimumVisualStudioVersion = 10.0.40219.1
Project("{FAE04EC0-301F-11D3-BF4B-00C04F79EFBC}") = "TestingEncoding", "TestingEncoding\TestingEncoding.csproj", "{8137722F-C759-4582-A869-56DC165A7D1A}"
EndProject
Global
	GlobalSection(SolutionConfigurationPlatforms) = preSolution
		Debug|Any CPU = Debug|Any CPU
		Release|Any CPU = Release|Any CPU
	EndGlobalSection
	GlobalSection(ProjectConfigurationPlatforms) = postSolution
		{8137722F-C759-4582-A869-56DC165A7D1A}.Debug|Any CPU.ActiveCfg = Debug|Any CPU
		{8137722F-C759-4582-A869-56DC165A7D1A}.Debug|Any CPU.Build.0 = Debug|Any CPU
		{8137722F-C759-4582-A869-56DC165A7D1A}.Release|Any CPU.ActiveCfg = Release|Any CPU
		{8137722F-C759-4582-A869-56DC165A7D1A}.Release|Any CPU.Build.0 = Release|Any CPU
	EndGlobalSection
	GlobalSection(SolutionProperties) = preSolution
		HideSolutionNode = FALSE
	EndGlobalSection
	GlobalSection(ExtensibilityGlobals) = postSolution
		SolutionGuid = {E6B18674-2710-419B-9FDA-E4A62DF02C0D}
	EndGlobalSection
EndGlobal
