
Microsoft Visual Studio Solution File, Format Version 12.00
# Visual Studio 15
VisualStudioVersion = 15.0.28010.2041
MinimumVisualStudioVersion = 10.0.40219.1
Project("{FAE04EC0-301F-11D3-BF4B-00C04F79EFBC}") = "RealPurpleRain", "RealPurpleRain\RealPurpleRain.csproj", "{FE305D62-AC19-4D42-AC1E-CAFD28EC2668}"
EndProject
Global
	GlobalSection(SolutionConfigurationPlatforms) = preSolution
		Debug|x86 = Debug|x86
		Release|x86 = Release|x86
	EndGlobalSection
	GlobalSection(ProjectConfigurationPlatforms) = postSolution
		{FE305D62-AC19-4D42-AC1E-CAFD28EC2668}.Debug|x86.ActiveCfg = Debug|x86
		{FE305D62-AC19-4D42-AC1E-CAFD28EC2668}.Debug|x86.Build.0 = Debug|x86
		{FE305D62-AC19-4D42-AC1E-CAFD28EC2668}.Release|x86.ActiveCfg = Release|x86
		{FE305D62-AC19-4D42-AC1E-CAFD28EC2668}.Release|x86.Build.0 = Release|x86
	EndGlobalSection
	GlobalSection(SolutionProperties) = preSolution
		HideSolutionNode = FALSE
	EndGlobalSection
	GlobalSection(ExtensibilityGlobals) = postSolution
		SolutionGuid = {A769DDAC-6164-432E-80DF-894A997E8BED}
	EndGlobalSection
EndGlobal
